// !$*UTF8*$!
{
	archiveVersion = 1;
	classes = {
	};
	objectVersion = 56;
	objects = {

/* Begin PBXBuildFile section */
		860C15AA2B55BA0500DEBF99 /* UpdateNoteView.swift in Sources */ = {isa = PBXBuildFile; fileRef = 860C15A92B55BA0500DEBF99 /* UpdateNoteView.swift */; };
		860C15B22B55D8F200DEBF99 /* NoteTest.swift in Sources */ = {isa = PBXBuildFile; fileRef = 860C15B12B55D8F200DEBF99 /* NoteTest.swift */; };
		860C15B92B5632F000DEBF99 /* ViewModelTests.swift in Sources */ = {isa = PBXBuildFile; fileRef = 860C15B82B5632F000DEBF99 /* ViewModelTests.swift */; };
		863893C22B7696F600410591 /* InlineSnapshotTesting in Frameworks */ = {isa = PBXBuildFile; productRef = 863893C12B7696F600410591 /* InlineSnapshotTesting */; };
		863893C42B7696F600410591 /* SnapshotTesting in Frameworks */ = {isa = PBXBuildFile; productRef = 863893C32B7696F600410591 /* SnapshotTesting */; };
		863893C62B76975A00410591 /* CreateNoteViewSnapshotTest.swift in Sources */ = {isa = PBXBuildFile; fileRef = 863893C52B76975A00410591 /* CreateNoteViewSnapshotTest.swift */; };
		863893D12B781DB900410591 /* NotesUITests.swift in Sources */ = {isa = PBXBuildFile; fileRef = 863893D02B781DB900410591 /* NotesUITests.swift */; };
		863D2EBD2B5A42CF00EC189F /* ViewModelIntegrationTests.swift in Sources */ = {isa = PBXBuildFile; fileRef = 863D2EBC2B5A42CF00EC189F /* ViewModelIntegrationTests.swift */; };
		865884002B74800600265F3A /* CreateNoteUseCaseMock.swift in Sources */ = {isa = PBXBuildFile; fileRef = 865883FF2B74800600265F3A /* CreateNoteUseCaseMock.swift */; };
		865884022B74806700265F3A /* FetchAllNotesUseCaseMock.swift in Sources */ = {isa = PBXBuildFile; fileRef = 865884012B74806700265F3A /* FetchAllNotesUseCaseMock.swift */; };
		865884042B7480D100265F3A /* UpdateNoteUseCaseMock.swift in Sources */ = {isa = PBXBuildFile; fileRef = 865884032B7480D100265F3A /* UpdateNoteUseCaseMock.swift */; };
		865884062B74882800265F3A /* RemoveNoteUseCaseMock.swift in Sources */ = {isa = PBXBuildFile; fileRef = 865884052B74882800265F3A /* RemoveNoteUseCaseMock.swift */; };
		86598C5E2B58DB8F00D060D3 /* NotesDatabase.swift in Sources */ = {isa = PBXBuildFile; fileRef = 86598C5D2B58DB8F00D060D3 /* NotesDatabase.swift */; };
		86598C602B58E4D400D060D3 /* CreateNoteUseCase.swift in Sources */ = {isa = PBXBuildFile; fileRef = 86598C5F2B58E4D400D060D3 /* CreateNoteUseCase.swift */; };
		86598C622B58E7A900D060D3 /* FetchAllNotesUseCase.swift in Sources */ = {isa = PBXBuildFile; fileRef = 86598C612B58E7A900D060D3 /* FetchAllNotesUseCase.swift */; };
		86982CC62B68C99A009F7E66 /* UpdateNoteUseCase.swift in Sources */ = {isa = PBXBuildFile; fileRef = 86982CC52B68C99A009F7E66 /* UpdateNoteUseCase.swift */; };
		86A7FEBA2B51B6DC00972AA3 /* NotesApp.swift in Sources */ = {isa = PBXBuildFile; fileRef = 86A7FEB92B51B6DC00972AA3 /* NotesApp.swift */; };
		86A7FEBC2B51B6DC00972AA3 /* ContentView.swift in Sources */ = {isa = PBXBuildFile; fileRef = 86A7FEBB2B51B6DC00972AA3 /* ContentView.swift */; };
		86A7FEC02B51B6DD00972AA3 /* Assets.xcassets in Resources */ = {isa = PBXBuildFile; fileRef = 86A7FEBF2B51B6DD00972AA3 /* Assets.xcassets */; };
		86A7FEC32B51B6DD00972AA3 /* Preview Assets.xcassets in Resources */ = {isa = PBXBuildFile; fileRef = 86A7FEC22B51B6DD00972AA3 /* Preview Assets.xcassets */; };
		86A7FECA2B54683500972AA3 /* Note.swift in Sources */ = {isa = PBXBuildFile; fileRef = 86A7FEC92B54683500972AA3 /* Note.swift */; };
		86A7FECD2B547C4900972AA3 /* ViewModel.swift in Sources */ = {isa = PBXBuildFile; fileRef = 86A7FECC2B547C4900972AA3 /* ViewModel.swift */; };
		86A7FECF2B54DE7B00972AA3 /* CreateNoteView.swift in Sources */ = {isa = PBXBuildFile; fileRef = 86A7FECE2B54DE7B00972AA3 /* CreateNoteView.swift */; };
		86EF9DF32B6CA5D20091F91D /* RemoveNoteUseCase.swift in Sources */ = {isa = PBXBuildFile; fileRef = 86EF9DF22B6CA5D20091F91D /* RemoveNoteUseCase.swift */; };
/* End PBXBuildFile section */

/* Begin PBXContainerItemProxy section */
		860C15B32B55D8F200DEBF99 /* PBXContainerItemProxy */ = {
			isa = PBXContainerItemProxy;
			containerPortal = 86A7FEAE2B51B6DC00972AA3 /* Project object */;
			proxyType = 1;
			remoteGlobalIDString = 86A7FEB52B51B6DC00972AA3;
			remoteInfo = Notes;
		};
		863893D42B781DBA00410591 /* PBXContainerItemProxy */ = {
			isa = PBXContainerItemProxy;
			containerPortal = 86A7FEAE2B51B6DC00972AA3 /* Project object */;
			proxyType = 1;
			remoteGlobalIDString = 86A7FEB52B51B6DC00972AA3;
			remoteInfo = Notes;
		};
/* End PBXContainerItemProxy section */

/* Begin PBXFileReference section */
		860C15A92B55BA0500DEBF99 /* UpdateNoteView.swift */ = {isa = PBXFileReference; lastKnownFileType = sourcecode.swift; path = UpdateNoteView.swift; sourceTree = "<group>"; };
		860C15AF2B55D8F200DEBF99 /* NotesTests.xctest */ = {isa = PBXFileReference; explicitFileType = wrapper.cfbundle; includeInIndex = 0; path = NotesTests.xctest; sourceTree = BUILT_PRODUCTS_DIR; };
		860C15B12B55D8F200DEBF99 /* NoteTest.swift */ = {isa = PBXFileReference; lastKnownFileType = sourcecode.swift; path = NoteTest.swift; sourceTree = "<group>"; };
		860C15B82B5632F000DEBF99 /* ViewModelTests.swift */ = {isa = PBXFileReference; lastKnownFileType = sourcecode.swift; path = ViewModelTests.swift; sourceTree = "<group>"; };
		863893C52B76975A00410591 /* CreateNoteViewSnapshotTest.swift */ = {isa = PBXFileReference; lastKnownFileType = sourcecode.swift; path = CreateNoteViewSnapshotTest.swift; sourceTree = "<group>"; };
		863893CE2B781DB900410591 /* NotesUITests.xctest */ = {isa = PBXFileReference; explicitFileType = wrapper.cfbundle; includeInIndex = 0; path = NotesUITests.xctest; sourceTree = BUILT_PRODUCTS_DIR; };
		863893D02B781DB900410591 /* NotesUITests.swift */ = {isa = PBXFileReference; lastKnownFileType = sourcecode.swift; path = NotesUITests.swift; sourceTree = "<group>"; };
		863D2EBC2B5A42CF00EC189F /* ViewModelIntegrationTests.swift */ = {isa = PBXFileReference; lastKnownFileType = sourcecode.swift; path = ViewModelIntegrationTests.swift; sourceTree = "<group>"; };
		865883FF2B74800600265F3A /* CreateNoteUseCaseMock.swift */ = {isa = PBXFileReference; lastKnownFileType = sourcecode.swift; path = CreateNoteUseCaseMock.swift; sourceTree = "<group>"; };
		865884012B74806700265F3A /* FetchAllNotesUseCaseMock.swift */ = {isa = PBXFileReference; lastKnownFileType = sourcecode.swift; path = FetchAllNotesUseCaseMock.swift; sourceTree = "<group>"; };
		865884032B7480D100265F3A /* UpdateNoteUseCaseMock.swift */ = {isa = PBXFileReference; lastKnownFileType = sourcecode.swift; path = UpdateNoteUseCaseMock.swift; sourceTree = "<group>"; };
		865884052B74882800265F3A /* RemoveNoteUseCaseMock.swift */ = {isa = PBXFileReference; lastKnownFileType = sourcecode.swift; path = RemoveNoteUseCaseMock.swift; sourceTree = "<group>"; };
		86598C5D2B58DB8F00D060D3 /* NotesDatabase.swift */ = {isa = PBXFileReference; lastKnownFileType = sourcecode.swift; path = NotesDatabase.swift; sourceTree = "<group>"; };
		86598C5F2B58E4D400D060D3 /* CreateNoteUseCase.swift */ = {isa = PBXFileReference; lastKnownFileType = sourcecode.swift; path = CreateNoteUseCase.swift; sourceTree = "<group>"; };
		86598C612B58E7A900D060D3 /* FetchAllNotesUseCase.swift */ = {isa = PBXFileReference; lastKnownFileType = sourcecode.swift; path = FetchAllNotesUseCase.swift; sourceTree = "<group>"; };
		86982CC52B68C99A009F7E66 /* UpdateNoteUseCase.swift */ = {isa = PBXFileReference; lastKnownFileType = sourcecode.swift; path = UpdateNoteUseCase.swift; sourceTree = "<group>"; };
		86A7FEB62B51B6DC00972AA3 /* Notes.app */ = {isa = PBXFileReference; explicitFileType = wrapper.application; includeInIndex = 0; path = Notes.app; sourceTree = BUILT_PRODUCTS_DIR; };
		86A7FEB92B51B6DC00972AA3 /* NotesApp.swift */ = {isa = PBXFileReference; lastKnownFileType = sourcecode.swift; path = NotesApp.swift; sourceTree = "<group>"; };
		86A7FEBB2B51B6DC00972AA3 /* ContentView.swift */ = {isa = PBXFileReference; lastKnownFileType = sourcecode.swift; path = ContentView.swift; sourceTree = "<group>"; };
		86A7FEBF2B51B6DD00972AA3 /* Assets.xcassets */ = {isa = PBXFileReference; lastKnownFileType = folder.assetcatalog; path = Assets.xcassets; sourceTree = "<group>"; };
		86A7FEC22B51B6DD00972AA3 /* Preview Assets.xcassets */ = {isa = PBXFileReference; lastKnownFileType = folder.assetcatalog; path = "Preview Assets.xcassets"; sourceTree = "<group>"; };
		86A7FEC92B54683500972AA3 /* Note.swift */ = {isa = PBXFileReference; lastKnownFileType = sourcecode.swift; path = Note.swift; sourceTree = "<group>"; };
		86A7FECC2B547C4900972AA3 /* ViewModel.swift */ = {isa = PBXFileReference; lastKnownFileType = sourcecode.swift; path = ViewModel.swift; sourceTree = "<group>"; };
		86A7FECE2B54DE7B00972AA3 /* CreateNoteView.swift */ = {isa = PBXFileReference; lastKnownFileType = sourcecode.swift; path = CreateNoteView.swift; sourceTree = "<group>"; };
		86EF9DF22B6CA5D20091F91D /* RemoveNoteUseCase.swift */ = {isa = PBXFileReference; lastKnownFileType = sourcecode.swift; path = RemoveNoteUseCase.swift; sourceTree = "<group>"; };
/* End PBXFileReference section */

/* Begin PBXFrameworksBuildPhase section */
		860C15AC2B55D8F200DEBF99 /* Frameworks */ = {
			isa = PBXFrameworksBuildPhase;
			buildActionMask = 2147483647;
			files = (
				863893C22B7696F600410591 /* InlineSnapshotTesting in Frameworks */,
				863893C42B7696F600410591 /* SnapshotTesting in Frameworks */,
			);
			runOnlyForDeploymentPostprocessing = 0;
		};
		863893CB2B781DB900410591 /* Frameworks */ = {
			isa = PBXFrameworksBuildPhase;
			buildActionMask = 2147483647;
			files = (
			);
			runOnlyForDeploymentPostprocessing = 0;
		};
		86A7FEB32B51B6DC00972AA3 /* Frameworks */ = {
			isa = PBXFrameworksBuildPhase;
			buildActionMask = 2147483647;
			files = (
			);
			runOnlyForDeploymentPostprocessing = 0;
		};
/* End PBXFrameworksBuildPhase section */

/* Begin PBXGroup section */
		860C15B02B55D8F200DEBF99 /* NotesTests */ = {
			isa = PBXGroup;
			children = (
				863893C92B7697A800410591 /* SnapshotTests */,
				863893C82B76979200410591 /* IntegrationTests */,
				863893C72B76977400410591 /* UnitTests */,
				865883FE2B747FEF00265F3A /* Mocks */,
			);
			path = NotesTests;
			sourceTree = "<group>";
		};
		863893C72B76977400410591 /* UnitTests */ = {
			isa = PBXGroup;
			children = (
				860C15B82B5632F000DEBF99 /* ViewModelTests.swift */,
				860C15B12B55D8F200DEBF99 /* NoteTest.swift */,
			);
			path = UnitTests;
			sourceTree = "<group>";
		};
		863893C82B76979200410591 /* IntegrationTests */ = {
			isa = PBXGroup;
			children = (
				863D2EBC2B5A42CF00EC189F /* ViewModelIntegrationTests.swift */,
			);
			path = IntegrationTests;
			sourceTree = "<group>";
		};
		863893C92B7697A800410591 /* SnapshotTests */ = {
			isa = PBXGroup;
			children = (
				863893C52B76975A00410591 /* CreateNoteViewSnapshotTest.swift */,
			);
			path = SnapshotTests;
			sourceTree = "<group>";
		};
		863893CF2B781DB900410591 /* NotesUITests */ = {
			isa = PBXGroup;
			children = (
				863893D02B781DB900410591 /* NotesUITests.swift */,
			);
			path = NotesUITests;
			sourceTree = "<group>";
		};
		865883FE2B747FEF00265F3A /* Mocks */ = {
			isa = PBXGroup;
			children = (
				865883FF2B74800600265F3A /* CreateNoteUseCaseMock.swift */,
				865884012B74806700265F3A /* FetchAllNotesUseCaseMock.swift */,
				865884032B7480D100265F3A /* UpdateNoteUseCaseMock.swift */,
				865884052B74882800265F3A /* RemoveNoteUseCaseMock.swift */,
			);
			path = Mocks;
			sourceTree = "<group>";
		};
		86A7FEAD2B51B6DC00972AA3 = {
			isa = PBXGroup;
			children = (
				86A7FEB82B51B6DC00972AA3 /* Notes */,
				860C15B02B55D8F200DEBF99 /* NotesTests */,
				863893CF2B781DB900410591 /* NotesUITests */,
				86A7FEB72B51B6DC00972AA3 /* Products */,
			);
			sourceTree = "<group>";
		};
		86A7FEB72B51B6DC00972AA3 /* Products */ = {
			isa = PBXGroup;
			children = (
				86A7FEB62B51B6DC00972AA3 /* Notes.app */,
				860C15AF2B55D8F200DEBF99 /* NotesTests.xctest */,
				863893CE2B781DB900410591 /* NotesUITests.xctest */,
			);
			name = Products;
			sourceTree = "<group>";
		};
		86A7FEB82B51B6DC00972AA3 /* Notes */ = {
			isa = PBXGroup;
			children = (
				86598C5D2B58DB8F00D060D3 /* NotesDatabase.swift */,
				86A7FEB92B51B6DC00972AA3 /* NotesApp.swift */,
				86A7FEBB2B51B6DC00972AA3 /* ContentView.swift */,
				86A7FEBF2B51B6DD00972AA3 /* Assets.xcassets */,
				86A7FECC2B547C4900972AA3 /* ViewModel.swift */,
				86C9430C2B782A360086EE06 /* Views */,
				86A7FEC12B51B6DD00972AA3 /* Preview Content */,
				86A7FECB2B547BF000972AA3 /* Model */,
				86E91B362B675E2000C9599D /* UseCases */,
			);
			path = Notes;
			sourceTree = "<group>";
		};
		86A7FEC12B51B6DD00972AA3 /* Preview Content */ = {
			isa = PBXGroup;
			children = (
				86A7FEC22B51B6DD00972AA3 /* Preview Assets.xcassets */,
			);
			path = "Preview Content";
			sourceTree = "<group>";
		};
		86A7FECB2B547BF000972AA3 /* Model */ = {
			isa = PBXGroup;
			children = (
				86A7FEC92B54683500972AA3 /* Note.swift */,
			);
			path = Model;
			sourceTree = "<group>";
		};
		86C9430C2B782A360086EE06 /* Views */ = {
			isa = PBXGroup;
			children = (
				86A7FECE2B54DE7B00972AA3 /* CreateNoteView.swift */,
				860C15A92B55BA0500DEBF99 /* UpdateNoteView.swift */,
			);
			path = Views;
			sourceTree = "<group>";
		};
		86E91B362B675E2000C9599D /* UseCases */ = {
			isa = PBXGroup;
			children = (
				86598C5F2B58E4D400D060D3 /* CreateNoteUseCase.swift */,
				86598C612B58E7A900D060D3 /* FetchAllNotesUseCase.swift */,
				86982CC52B68C99A009F7E66 /* UpdateNoteUseCase.swift */,
				86EF9DF22B6CA5D20091F91D /* RemoveNoteUseCase.swift */,
			);
			path = UseCases;
			sourceTree = "<group>";
		};
/* End PBXGroup section */

/* Begin PBXNativeTarget section */
		860C15AE2B55D8F200DEBF99 /* NotesTests */ = {
			isa = PBXNativeTarget;
			buildConfigurationList = 860C15B52B55D8F200DEBF99 /* Build configuration list for PBXNativeTarget "NotesTests" */;
			buildPhases = (
				860C15AB2B55D8F200DEBF99 /* Sources */,
				860C15AC2B55D8F200DEBF99 /* Frameworks */,
				860C15AD2B55D8F200DEBF99 /* Resources */,
			);
			buildRules = (
			);
			dependencies = (
				860C15B42B55D8F200DEBF99 /* PBXTargetDependency */,
			);
			name = NotesTests;
			packageProductDependencies = (
				863893C12B7696F600410591 /* InlineSnapshotTesting */,
				863893C32B7696F600410591 /* SnapshotTesting */,
			);
			productName = NotesTests;
			productReference = 860C15AF2B55D8F200DEBF99 /* NotesTests.xctest */;
			productType = "com.apple.product-type.bundle.unit-test";
		};
		863893CD2B781DB900410591 /* NotesUITests */ = {
			isa = PBXNativeTarget;
			buildConfigurationList = 863893D62B781DBA00410591 /* Build configuration list for PBXNativeTarget "NotesUITests" */;
			buildPhases = (
				863893CA2B781DB900410591 /* Sources */,
				863893CB2B781DB900410591 /* Frameworks */,
				863893CC2B781DB900410591 /* Resources */,
			);
			buildRules = (
			);
			dependencies = (
				863893D52B781DBA00410591 /* PBXTargetDependency */,
			);
			name = NotesUITests;
			productName = NotesUITests;
			productReference = 863893CE2B781DB900410591 /* NotesUITests.xctest */;
			productType = "com.apple.product-type.bundle.ui-testing";
		};
		86A7FEB52B51B6DC00972AA3 /* Notes */ = {
			isa = PBXNativeTarget;
			buildConfigurationList = 86A7FEC62B51B6DD00972AA3 /* Build configuration list for PBXNativeTarget "Notes" */;
			buildPhases = (
				86A7FEB22B51B6DC00972AA3 /* Sources */,
				86A7FEB32B51B6DC00972AA3 /* Frameworks */,
				86A7FEB42B51B6DC00972AA3 /* Resources */,
			);
			buildRules = (
			);
			dependencies = (
			);
			name = Notes;
			productName = Notes;
			productReference = 86A7FEB62B51B6DC00972AA3 /* Notes.app */;
			productType = "com.apple.product-type.application";
		};
/* End PBXNativeTarget section */

/* Begin PBXProject section */
		86A7FEAE2B51B6DC00972AA3 /* Project object */ = {
			isa = PBXProject;
			attributes = {
				BuildIndependentTargetsInParallel = 1;
				LastSwiftUpdateCheck = 1520;
				LastUpgradeCheck = 1520;
				TargetAttributes = {
					860C15AE2B55D8F200DEBF99 = {
						CreatedOnToolsVersion = 15.2;
						TestTargetID = 86A7FEB52B51B6DC00972AA3;
					};
					863893CD2B781DB900410591 = {
						CreatedOnToolsVersion = 15.2;
						TestTargetID = 86A7FEB52B51B6DC00972AA3;
					};
					86A7FEB52B51B6DC00972AA3 = {
						CreatedOnToolsVersion = 15.2;
					};
				};
			};
			buildConfigurationList = 86A7FEB12B51B6DC00972AA3 /* Build configuration list for PBXProject "Notes" */;
			compatibilityVersion = "Xcode 14.0";
			developmentRegion = en;
			hasScannedForEncodings = 0;
			knownRegions = (
				en,
				Base,
			);
			mainGroup = 86A7FEAD2B51B6DC00972AA3;
			packageReferences = (
				863893C02B7696F600410591 /* XCRemoteSwiftPackageReference "swift-snapshot-testing" */,
			);
			productRefGroup = 86A7FEB72B51B6DC00972AA3 /* Products */;
			projectDirPath = "";
			projectRoot = "";
			targets = (
				86A7FEB52B51B6DC00972AA3 /* Notes */,
				860C15AE2B55D8F200DEBF99 /* NotesTests */,
				863893CD2B781DB900410591 /* NotesUITests */,
			);
		};
/* End PBXProject section */

/* Begin PBXResourcesBuildPhase section */
		860C15AD2B55D8F200DEBF99 /* Resources */ = {
			isa = PBXResourcesBuildPhase;
			buildActionMask = 2147483647;
			files = (
			);
			runOnlyForDeploymentPostprocessing = 0;
		};
		863893CC2B781DB900410591 /* Resources */ = {
			isa = PBXResourcesBuildPhase;
			buildActionMask = 2147483647;
			files = (
			);
			runOnlyForDeploymentPostprocessing = 0;
		};
		86A7FEB42B51B6DC00972AA3 /* Resources */ = {
			isa = PBXResourcesBuildPhase;
			buildActionMask = 2147483647;
			files = (
				86A7FEC32B51B6DD00972AA3 /* Preview Assets.xcassets in Resources */,
				86A7FEC02B51B6DD00972AA3 /* Assets.xcassets in Resources */,
			);
			runOnlyForDeploymentPostprocessing = 0;
		};
/* End PBXResourcesBuildPhase section */

/* Begin PBXSourcesBuildPhase section */
		860C15AB2B55D8F200DEBF99 /* Sources */ = {
			isa = PBXSourcesBuildPhase;
			buildActionMask = 2147483647;
			files = (
				863893C62B76975A00410591 /* CreateNoteViewSnapshotTest.swift in Sources */,
				865884022B74806700265F3A /* FetchAllNotesUseCaseMock.swift in Sources */,
				860C15B92B5632F000DEBF99 /* ViewModelTests.swift in Sources */,
				865884062B74882800265F3A /* RemoveNoteUseCaseMock.swift in Sources */,
				865884042B7480D100265F3A /* UpdateNoteUseCaseMock.swift in Sources */,
				863D2EBD2B5A42CF00EC189F /* ViewModelIntegrationTests.swift in Sources */,
				860C15B22B55D8F200DEBF99 /* NoteTest.swift in Sources */,
				865884002B74800600265F3A /* CreateNoteUseCaseMock.swift in Sources */,
			);
			runOnlyForDeploymentPostprocessing = 0;
		};
		863893CA2B781DB900410591 /* Sources */ = {
			isa = PBXSourcesBuildPhase;
			buildActionMask = 2147483647;
			files = (
				863893D12B781DB900410591 /* NotesUITests.swift in Sources */,
			);
			runOnlyForDeploymentPostprocessing = 0;
		};
		86A7FEB22B51B6DC00972AA3 /* Sources */ = {
			isa = PBXSourcesBuildPhase;
			buildActionMask = 2147483647;
			files = (
				86A7FECD2B547C4900972AA3 /* ViewModel.swift in Sources */,
				86598C5E2B58DB8F00D060D3 /* NotesDatabase.swift in Sources */,
				86982CC62B68C99A009F7E66 /* UpdateNoteUseCase.swift in Sources */,
				86A7FEBC2B51B6DC00972AA3 /* ContentView.swift in Sources */,
				86A7FEBA2B51B6DC00972AA3 /* NotesApp.swift in Sources */,
				860C15AA2B55BA0500DEBF99 /* UpdateNoteView.swift in Sources */,
				86598C602B58E4D400D060D3 /* CreateNoteUseCase.swift in Sources */,
				86598C622B58E7A900D060D3 /* FetchAllNotesUseCase.swift in Sources */,
				86EF9DF32B6CA5D20091F91D /* RemoveNoteUseCase.swift in Sources */,
				86A7FECF2B54DE7B00972AA3 /* CreateNoteView.swift in Sources */,
				86A7FECA2B54683500972AA3 /* Note.swift in Sources */,
			);
			runOnlyForDeploymentPostprocessing = 0;
		};
/* End PBXSourcesBuildPhase section */

/* Begin PBXTargetDependency section */
		860C15B42B55D8F200DEBF99 /* PBXTargetDependency */ = {
			isa = PBXTargetDependency;
			target = 86A7FEB52B51B6DC00972AA3 /* Notes */;
			targetProxy = 860C15B32B55D8F200DEBF99 /* PBXContainerItemProxy */;
		};
		863893D52B781DBA00410591 /* PBXTargetDependency */ = {
			isa = PBXTargetDependency;
			target = 86A7FEB52B51B6DC00972AA3 /* Notes */;
			targetProxy = 863893D42B781DBA00410591 /* PBXContainerItemProxy */;
		};
/* End PBXTargetDependency section */

/* Begin XCBuildConfiguration section */
		860C15B62B55D8F200DEBF99 /* Debug */ = {
			isa = XCBuildConfiguration;
			buildSettings = {
				BUNDLE_LOADER = "$(TEST_HOST)";
				CODE_SIGN_STYLE = Automatic;
				CURRENT_PROJECT_VERSION = 1;
				DEVELOPMENT_TEAM = Z8C8PRSLQD;
				GENERATE_INFOPLIST_FILE = YES;
				MARKETING_VERSION = 1.0;
				PRODUCT_BUNDLE_IDENTIFIER = yessenia.ramos.NotesTests;
				PRODUCT_NAME = "$(TARGET_NAME)";
				SWIFT_EMIT_LOC_STRINGS = NO;
				SWIFT_VERSION = 5.0;
				TARGETED_DEVICE_FAMILY = "1,2";
				TEST_HOST = "$(BUILT_PRODUCTS_DIR)/Notes.app/$(BUNDLE_EXECUTABLE_FOLDER_PATH)/Notes";
			};
			name = Debug;
		};
		860C15B72B55D8F200DEBF99 /* Release */ = {
			isa = XCBuildConfiguration;
			buildSettings = {
				BUNDLE_LOADER = "$(TEST_HOST)";
				CODE_SIGN_STYLE = Automatic;
				CURRENT_PROJECT_VERSION = 1;
				DEVELOPMENT_TEAM = Z8C8PRSLQD;
				GENERATE_INFOPLIST_FILE = YES;
				MARKETING_VERSION = 1.0;
				PRODUCT_BUNDLE_IDENTIFIER = yessenia.ramos.NotesTests;
				PRODUCT_NAME = "$(TARGET_NAME)";
				SWIFT_EMIT_LOC_STRINGS = NO;
				SWIFT_VERSION = 5.0;
				TARGETED_DEVICE_FAMILY = "1,2";
				TEST_HOST = "$(BUILT_PRODUCTS_DIR)/Notes.app/$(BUNDLE_EXECUTABLE_FOLDER_PATH)/Notes";
			};
			name = Release;
		};
		863893D72B781DBA00410591 /* Debug */ = {
			isa = XCBuildConfiguration;
			buildSettings = {
				CODE_SIGN_STYLE = Automatic;
				CURRENT_PROJECT_VERSION = 1;
				DEVELOPMENT_TEAM = Z8C8PRSLQD;
				GENERATE_INFOPLIST_FILE = YES;
				MARKETING_VERSION = 1.0;
				PRODUCT_BUNDLE_IDENTIFIER = yessenia.ramos.NotesUITests;
				PRODUCT_NAME = "$(TARGET_NAME)";
				SWIFT_EMIT_LOC_STRINGS = NO;
				SWIFT_VERSION = 5.0;
				TARGETED_DEVICE_FAMILY = "1,2";
				TEST_TARGET_NAME = Notes;
			};
			name = Debug;
		};
		863893D82B781DBA00410591 /* Release */ = {
			isa = XCBuildConfiguration;
			buildSettings = {
				CODE_SIGN_STYLE = Automatic;
				CURRENT_PROJECT_VERSION = 1;
				DEVELOPMENT_TEAM = Z8C8PRSLQD;
				GENERATE_INFOPLIST_FILE = YES;
				MARKETING_VERSION = 1.0;
				PRODUCT_BUNDLE_IDENTIFIER = yessenia.ramos.NotesUITests;
				PRODUCT_NAME = "$(TARGET_NAME)";
				SWIFT_EMIT_LOC_STRINGS = NO;
				SWIFT_VERSION = 5.0;
				TARGETED_DEVICE_FAMILY = "1,2";
				TEST_TARGET_NAME = Notes;
			};
			name = Release;
		};
		86A7FEC42B51B6DD00972AA3 /* Debug */ = {
			isa = XCBuildConfiguration;
			buildSettings = {
				ALWAYS_SEARCH_USER_PATHS = NO;
				ASSETCATALOG_COMPILER_GENERATE_SWIFT_ASSET_SYMBOL_EXTENSIONS = YES;
				CLANG_ANALYZER_NONNULL = YES;
				CLANG_ANALYZER_NUMBER_OBJECT_CONVERSION = YES_AGGRESSIVE;
				CLANG_CXX_LANGUAGE_STANDARD = "gnu++20";
				CLANG_ENABLE_MODULES = YES;
				CLANG_ENABLE_OBJC_ARC = YES;
				CLANG_ENABLE_OBJC_WEAK = YES;
				CLANG_WARN_BLOCK_CAPTURE_AUTORELEASING = YES;
				CLANG_WARN_BOOL_CONVERSION = YES;
				CLANG_WARN_COMMA = YES;
				CLANG_WARN_CONSTANT_CONVERSION = YES;
				CLANG_WARN_DEPRECATED_OBJC_IMPLEMENTATIONS = YES;
				CLANG_WARN_DIRECT_OBJC_ISA_USAGE = YES_ERROR;
				CLANG_WARN_DOCUMENTATION_COMMENTS = YES;
				CLANG_WARN_EMPTY_BODY = YES;
				CLANG_WARN_ENUM_CONVERSION = YES;
				CLANG_WARN_INFINITE_RECURSION = YES;
				CLANG_WARN_INT_CONVERSION = YES;
				CLANG_WARN_NON_LITERAL_NULL_CONVERSION = YES;
				CLANG_WARN_OBJC_IMPLICIT_RETAIN_SELF = YES;
				CLANG_WARN_OBJC_LITERAL_CONVERSION = YES;
				CLANG_WARN_OBJC_ROOT_CLASS = YES_ERROR;
				CLANG_WARN_QUOTED_INCLUDE_IN_FRAMEWORK_HEADER = YES;
				CLANG_WARN_RANGE_LOOP_ANALYSIS = YES;
				CLANG_WARN_STRICT_PROTOTYPES = YES;
				CLANG_WARN_SUSPICIOUS_MOVE = YES;
				CLANG_WARN_UNGUARDED_AVAILABILITY = YES_AGGRESSIVE;
				CLANG_WARN_UNREACHABLE_CODE = YES;
				CLANG_WARN__DUPLICATE_METHOD_MATCH = YES;
				COPY_PHASE_STRIP = NO;
				DEBUG_INFORMATION_FORMAT = dwarf;
				ENABLE_STRICT_OBJC_MSGSEND = YES;
				ENABLE_TESTABILITY = YES;
				ENABLE_USER_SCRIPT_SANDBOXING = YES;
				GCC_C_LANGUAGE_STANDARD = gnu17;
				GCC_DYNAMIC_NO_PIC = NO;
				GCC_NO_COMMON_BLOCKS = YES;
				GCC_OPTIMIZATION_LEVEL = 0;
				GCC_PREPROCESSOR_DEFINITIONS = (
					"DEBUG=1",
					"$(inherited)",
				);
				GCC_WARN_64_TO_32_BIT_CONVERSION = YES;
				GCC_WARN_ABOUT_RETURN_TYPE = YES_ERROR;
				GCC_WARN_UNDECLARED_SELECTOR = YES;
				GCC_WARN_UNINITIALIZED_AUTOS = YES_AGGRESSIVE;
				GCC_WARN_UNUSED_FUNCTION = YES;
				GCC_WARN_UNUSED_VARIABLE = YES;
				IPHONEOS_DEPLOYMENT_TARGET = 17.2;
				LOCALIZATION_PREFERS_STRING_CATALOGS = YES;
				MTL_ENABLE_DEBUG_INFO = INCLUDE_SOURCE;
				MTL_FAST_MATH = YES;
				ONLY_ACTIVE_ARCH = YES;
				SDKROOT = iphoneos;
				SWIFT_ACTIVE_COMPILATION_CONDITIONS = "DEBUG $(inherited)";
				SWIFT_OPTIMIZATION_LEVEL = "-Onone";
			};
			name = Debug;
		};
		86A7FEC52B51B6DD00972AA3 /* Release */ = {
			isa = XCBuildConfiguration;
			buildSettings = {
				ALWAYS_SEARCH_USER_PATHS = NO;
				ASSETCATALOG_COMPILER_GENERATE_SWIFT_ASSET_SYMBOL_EXTENSIONS = YES;
				CLANG_ANALYZER_NONNULL = YES;
				CLANG_ANALYZER_NUMBER_OBJECT_CONVERSION = YES_AGGRESSIVE;
				CLANG_CXX_LANGUAGE_STANDARD = "gnu++20";
				CLANG_ENABLE_MODULES = YES;
				CLANG_ENABLE_OBJC_ARC = YES;
				CLANG_ENABLE_OBJC_WEAK = YES;
				CLANG_WARN_BLOCK_CAPTURE_AUTORELEASING = YES;
				CLANG_WARN_BOOL_CONVERSION = YES;
				CLANG_WARN_COMMA = YES;
				CLANG_WARN_CONSTANT_CONVERSION = YES;
				CLANG_WARN_DEPRECATED_OBJC_IMPLEMENTATIONS = YES;
				CLANG_WARN_DIRECT_OBJC_ISA_USAGE = YES_ERROR;
				CLANG_WARN_DOCUMENTATION_COMMENTS = YES;
				CLANG_WARN_EMPTY_BODY = YES;
				CLANG_WARN_ENUM_CONVERSION = YES;
				CLANG_WARN_INFINITE_RECURSION = YES;
				CLANG_WARN_INT_CONVERSION = YES;
				CLANG_WARN_NON_LITERAL_NULL_CONVERSION = YES;
				CLANG_WARN_OBJC_IMPLICIT_RETAIN_SELF = YES;
				CLANG_WARN_OBJC_LITERAL_CONVERSION = YES;
				CLANG_WARN_OBJC_ROOT_CLASS = YES_ERROR;
				CLANG_WARN_QUOTED_INCLUDE_IN_FRAMEWORK_HEADER = YES;
				CLANG_WARN_RANGE_LOOP_ANALYSIS = YES;
				CLANG_WARN_STRICT_PROTOTYPES = YES;
				CLANG_WARN_SUSPICIOUS_MOVE = YES;
				CLANG_WARN_UNGUARDED_AVAILABILITY = YES_AGGRESSIVE;
				CLANG_WARN_UNREACHABLE_CODE = YES;
				CLANG_WARN__DUPLICATE_METHOD_MATCH = YES;
				COPY_PHASE_STRIP = NO;
				DEBUG_INFORMATION_FORMAT = "dwarf-with-dsym";
				ENABLE_NS_ASSERTIONS = NO;
				ENABLE_STRICT_OBJC_MSGSEND = YES;
				ENABLE_USER_SCRIPT_SANDBOXING = YES;
				GCC_C_LANGUAGE_STANDARD = gnu17;
				GCC_NO_COMMON_BLOCKS = YES;
				GCC_WARN_64_TO_32_BIT_CONVERSION = YES;
				GCC_WARN_ABOUT_RETURN_TYPE = YES_ERROR;
				GCC_WARN_UNDECLARED_SELECTOR = YES;
				GCC_WARN_UNINITIALIZED_AUTOS = YES_AGGRESSIVE;
				GCC_WARN_UNUSED_FUNCTION = YES;
				GCC_WARN_UNUSED_VARIABLE = YES;
				IPHONEOS_DEPLOYMENT_TARGET = 17.2;
				LOCALIZATION_PREFERS_STRING_CATALOGS = YES;
				MTL_ENABLE_DEBUG_INFO = NO;
				MTL_FAST_MATH = YES;
				SDKROOT = iphoneos;
				SWIFT_COMPILATION_MODE = wholemodule;
				VALIDATE_PRODUCT = YES;
			};
			name = Release;
		};
		86A7FEC72B51B6DD00972AA3 /* Debug */ = {
			isa = XCBuildConfiguration;
			buildSettings = {
				ASSETCATALOG_COMPILER_APPICON_NAME = AppIcon;
				ASSETCATALOG_COMPILER_GLOBAL_ACCENT_COLOR_NAME = AccentColor;
				CODE_SIGN_STYLE = Automatic;
				CURRENT_PROJECT_VERSION = 1;
				DEVELOPMENT_ASSET_PATHS = "\"Notes/Preview Content\"";
				DEVELOPMENT_TEAM = Z8C8PRSLQD;
				ENABLE_PREVIEWS = YES;
				GENERATE_INFOPLIST_FILE = YES;
				INFOPLIST_KEY_UIApplicationSceneManifest_Generation = YES;
				INFOPLIST_KEY_UIApplicationSupportsIndirectInputEvents = YES;
				INFOPLIST_KEY_UILaunchScreen_Generation = YES;
				INFOPLIST_KEY_UISupportedInterfaceOrientations_iPad = "UIInterfaceOrientationPortrait UIInterfaceOrientationPortraitUpsideDown UIInterfaceOrientationLandscapeLeft UIInterfaceOrientationLandscapeRight";
				INFOPLIST_KEY_UISupportedInterfaceOrientations_iPhone = "UIInterfaceOrientationPortrait UIInterfaceOrientationLandscapeLeft UIInterfaceOrientationLandscapeRight";
				LD_RUNPATH_SEARCH_PATHS = (
					"$(inherited)",
					"@executable_path/Frameworks",
				);
				MARKETING_VERSION = 1.0;
				PRODUCT_BUNDLE_IDENTIFIER = yessenia.ramos.Notes;
				PRODUCT_NAME = "$(TARGET_NAME)";
				SWIFT_EMIT_LOC_STRINGS = YES;
				SWIFT_VERSION = 5.0;
				TARGETED_DEVICE_FAMILY = "1,2";
			};
			name = Debug;
		};
		86A7FEC82B51B6DD00972AA3 /* Release */ = {
			isa = XCBuildConfiguration;
			buildSettings = {
				ASSETCATALOG_COMPILER_APPICON_NAME = AppIcon;
				ASSETCATALOG_COMPILER_GLOBAL_ACCENT_COLOR_NAME = AccentColor;
				CODE_SIGN_STYLE = Automatic;
				CURRENT_PROJECT_VERSION = 1;
				DEVELOPMENT_ASSET_PATHS = "\"Notes/Preview Content\"";
				DEVELOPMENT_TEAM = Z8C8PRSLQD;
				ENABLE_PREVIEWS = YES;
				GENERATE_INFOPLIST_FILE = YES;
				INFOPLIST_KEY_UIApplicationSceneManifest_Generation = YES;
				INFOPLIST_KEY_UIApplicationSupportsIndirectInputEvents = YES;
				INFOPLIST_KEY_UILaunchScreen_Generation = YES;
				INFOPLIST_KEY_UISupportedInterfaceOrientations_iPad = "UIInterfaceOrientationPortrait UIInterfaceOrientationPortraitUpsideDown UIInterfaceOrientationLandscapeLeft UIInterfaceOrientationLandscapeRight";
				INFOPLIST_KEY_UISupportedInterfaceOrientations_iPhone = "UIInterfaceOrientationPortrait UIInterfaceOrientationLandscapeLeft UIInterfaceOrientationLandscapeRight";
				LD_RUNPATH_SEARCH_PATHS = (
					"$(inherited)",
					"@executable_path/Frameworks",
				);
				MARKETING_VERSION = 1.0;
				PRODUCT_BUNDLE_IDENTIFIER = yessenia.ramos.Notes;
				PRODUCT_NAME = "$(TARGET_NAME)";
				SWIFT_EMIT_LOC_STRINGS = YES;
				SWIFT_VERSION = 5.0;
				TARGETED_DEVICE_FAMILY = "1,2";
			};
			name = Release;
		};
/* End XCBuildConfiguration section */

/* Begin XCConfigurationList section */
		860C15B52B55D8F200DEBF99 /* Build configuration list for PBXNativeTarget "NotesTests" */ = {
			isa = XCConfigurationList;
			buildConfigurations = (
				860C15B62B55D8F200DEBF99 /* Debug */,
				860C15B72B55D8F200DEBF99 /* Release */,
			);
			defaultConfigurationIsVisible = 0;
			defaultConfigurationName = Release;
		};
		863893D62B781DBA00410591 /* Build configuration list for PBXNativeTarget "NotesUITests" */ = {
			isa = XCConfigurationList;
			buildConfigurations = (
				863893D72B781DBA00410591 /* Debug */,
				863893D82B781DBA00410591 /* Release */,
			);
			defaultConfigurationIsVisible = 0;
			defaultConfigurationName = Release;
		};
		86A7FEB12B51B6DC00972AA3 /* Build configuration list for PBXProject "Notes" */ = {
			isa = XCConfigurationList;
			buildConfigurations = (
				86A7FEC42B51B6DD00972AA3 /* Debug */,
				86A7FEC52B51B6DD00972AA3 /* Release */,
			);
			defaultConfigurationIsVisible = 0;
			defaultConfigurationName = Release;
		};
		86A7FEC62B51B6DD00972AA3 /* Build configuration list for PBXNativeTarget "Notes" */ = {
			isa = XCConfigurationList;
			buildConfigurations = (
				86A7FEC72B51B6DD00972AA3 /* Debug */,
				86A7FEC82B51B6DD00972AA3 /* Release */,
			);
			defaultConfigurationIsVisible = 0;
			defaultConfigurationName = Release;
		};
/* End XCConfigurationList section */

/* Begin XCRemoteSwiftPackageReference section */
		863893C02B7696F600410591 /* XCRemoteSwiftPackageReference "swift-snapshot-testing" */ = {
			isa = XCRemoteSwiftPackageReference;
			repositoryURL = "https://github.com/pointfreeco/swift-snapshot-testing.git";
			requirement = {
				kind = upToNextMajorVersion;
				minimumVersion = 1.15.3;
			};
		};
/* End XCRemoteSwiftPackageReference section */

/* Begin XCSwiftPackageProductDependency section */
		863893C12B7696F600410591 /* InlineSnapshotTesting */ = {
			isa = XCSwiftPackageProductDependency;
			package = 863893C02B7696F600410591 /* XCRemoteSwiftPackageReference "swift-snapshot-testing" */;
			productName = InlineSnapshotTesting;
		};
		863893C32B7696F600410591 /* SnapshotTesting */ = {
			isa = XCSwiftPackageProductDependency;
			package = 863893C02B7696F600410591 /* XCRemoteSwiftPackageReference "swift-snapshot-testing" */;
			productName = SnapshotTesting;
		};
/* End XCSwiftPackageProductDependency section */
	};
	rootObject = 86A7FEAE2B51B6DC00972AA3 /* Project object */;
}
